// !$*UTF8*$!
{
	archiveVersion = 1;
	classes = {
	};
	objectVersion = 50;
	objects = {

/* Begin PBXBuildFile section */
		9AA29CB8212EBBA5002E316D /* BlackChest.swift in Sources */ = {isa = PBXBuildFile; fileRef = 9AA29C9C212EBBA4002E316D /* BlackChest.swift */; };
		9AA29CB9212EBBA5002E316D /* BlankChest.swift in Sources */ = {isa = PBXBuildFile; fileRef = 9AA29C9D212EBBA4002E316D /* BlankChest.swift */; };
		9AA29CBA212EBBA5002E316D /* BlueChest.swift in Sources */ = {isa = PBXBuildFile; fileRef = 9AA29C9E212EBBA4002E316D /* BlueChest.swift */; };
		9AA29CBB212EBBA5002E316D /* PlayerChest.swift in Sources */ = {isa = PBXBuildFile; fileRef = 9AA29C9F212EBBA4002E316D /* PlayerChest.swift */; };
		9AA29CBC212EBBA5002E316D /* RedChest.swift in Sources */ = {isa = PBXBuildFile; fileRef = 9AA29CA0212EBBA4002E316D /* RedChest.swift */; };
		9AA29CBD212EBBA5002E316D /* Colossus.swift in Sources */ = {isa = PBXBuildFile; fileRef = 9AA29CA2212EBBA4002E316D /* Colossus.swift */; };
		9AA29CBE212EBBA5002E316D /* Dwarf.swift in Sources */ = {isa = PBXBuildFile; fileRef = 9AA29CA3212EBBA4002E316D /* Dwarf.swift */; };
		9AA29CBF212EBBA5002E316D /* Leprechaun.swift in Sources */ = {isa = PBXBuildFile; fileRef = 9AA29CA4212EBBA4002E316D /* Leprechaun.swift */; };
		9AA29CC0212EBBA5002E316D /* PlayerClass.swift in Sources */ = {isa = PBXBuildFile; fileRef = 9AA29CA5212EBBA4002E316D /* PlayerClass.swift */; };
		9AA29CC1212EBBA5002E316D /* Warrior.swift in Sources */ = {isa = PBXBuildFile; fileRef = 9AA29CA6212EBBA4002E316D /* Warrior.swift */; };
		9AA29CC2212EBBA5002E316D /* Wizzard.swift in Sources */ = {isa = PBXBuildFile; fileRef = 9AA29CA7212EBBA4002E316D /* Wizzard.swift */; };
		9AA29CC3212EBBA5002E316D /* Game.swift in Sources */ = {isa = PBXBuildFile; fileRef = 9AA29CA9212EBBA4002E316D /* Game.swift */; };
		9AA29CC4212EBBA5002E316D /* Player.swift in Sources */ = {isa = PBXBuildFile; fileRef = 9AA29CAA212EBBA4002E316D /* Player.swift */; };
		9AA29CC5212EBBA5002E316D /* Team.swift in Sources */ = {isa = PBXBuildFile; fileRef = 9AA29CAB212EBBA4002E316D /* Team.swift */; };
		9AA29CC6212EBBA5002E316D /* FireBall.swift in Sources */ = {isa = PBXBuildFile; fileRef = 9AA29CAD212EBBA4002E316D /* FireBall.swift */; };
		9AA29CC7212EBBA5002E316D /* IceBlock.swift in Sources */ = {isa = PBXBuildFile; fileRef = 9AA29CAE212EBBA4002E316D /* IceBlock.swift */; };
		9AA29CC8212EBBA5002E316D /* PlayerSpell.swift in Sources */ = {isa = PBXBuildFile; fileRef = 9AA29CAF212EBBA4002E316D /* PlayerSpell.swift */; };
		9AA29CC9212EBBA5002E316D /* Axe.swift in Sources */ = {isa = PBXBuildFile; fileRef = 9AA29CB1212EBBA4002E316D /* Axe.swift */; };
		9AA29CCA212EBBA5002E316D /* errorWep.swift in Sources */ = {isa = PBXBuildFile; fileRef = 9AA29CB2212EBBA5002E316D /* errorWep.swift */; };
		9AA29CCB212EBBA5002E316D /* Hammer.swift in Sources */ = {isa = PBXBuildFile; fileRef = 9AA29CB3212EBBA5002E316D /* Hammer.swift */; };
		9AA29CCC212EBBA5002E316D /* PlayerWeapon.swift in Sources */ = {isa = PBXBuildFile; fileRef = 9AA29CB4212EBBA5002E316D /* PlayerWeapon.swift */; };
		9AA29CCD212EBBA5002E316D /* Stick.swift in Sources */ = {isa = PBXBuildFile; fileRef = 9AA29CB5212EBBA5002E316D /* Stick.swift */; };
		9AA29CCE212EBBA5002E316D /* Sword.swift in Sources */ = {isa = PBXBuildFile; fileRef = 9AA29CB6212EBBA5002E316D /* Sword.swift */; };
		9AA29CCF212EBBA5002E316D /* main.swift in Sources */ = {isa = PBXBuildFile; fileRef = 9AA29CB7212EBBA5002E316D /* main.swift */; };
/* End PBXBuildFile section */

/* Begin PBXCopyFilesBuildPhase section */
		9A905D0520D58752008BF422 /* CopyFiles */ = {
			isa = PBXCopyFilesBuildPhase;
			buildActionMask = 2147483647;
			dstPath = /usr/share/man/man1/;
			dstSubfolderSpec = 0;
			files = (
			);
			runOnlyForDeploymentPostprocessing = 1;
		};
/* End PBXCopyFilesBuildPhase section */

/* Begin PBXFileReference section */
		9A905D0720D58752008BF422 /* ClashHeroesXcode */ = {isa = PBXFileReference; explicitFileType = "compiled.mach-o.executable"; includeInIndex = 0; path = ClashHeroesXcode; sourceTree = BUILT_PRODUCTS_DIR; };
		9AA29C9C212EBBA4002E316D /* BlackChest.swift */ = {isa = PBXFileReference; fileEncoding = 4; lastKnownFileType = sourcecode.swift; path = BlackChest.swift; sourceTree = "<group>"; };
		9AA29C9D212EBBA4002E316D /* BlankChest.swift */ = {isa = PBXFileReference; fileEncoding = 4; lastKnownFileType = sourcecode.swift; path = BlankChest.swift; sourceTree = "<group>"; };
		9AA29C9E212EBBA4002E316D /* BlueChest.swift */ = {isa = PBXFileReference; fileEncoding = 4; lastKnownFileType = sourcecode.swift; path = BlueChest.swift; sourceTree = "<group>"; };
		9AA29C9F212EBBA4002E316D /* PlayerChest.swift */ = {isa = PBXFileReference; fileEncoding = 4; lastKnownFileType = sourcecode.swift; path = PlayerChest.swift; sourceTree = "<group>"; };
		9AA29CA0212EBBA4002E316D /* RedChest.swift */ = {isa = PBXFileReference; fileEncoding = 4; lastKnownFileType = sourcecode.swift; path = RedChest.swift; sourceTree = "<group>"; };
		9AA29CA2212EBBA4002E316D /* Colossus.swift */ = {isa = PBXFileReference; fileEncoding = 4; lastKnownFileType = sourcecode.swift; path = Colossus.swift; sourceTree = "<group>"; };
		9AA29CA3212EBBA4002E316D /* Dwarf.swift */ = {isa = PBXFileReference; fileEncoding = 4; lastKnownFileType = sourcecode.swift; path = Dwarf.swift; sourceTree = "<group>"; };
		9AA29CA4212EBBA4002E316D /* Leprechaun.swift */ = {isa = PBXFileReference; fileEncoding = 4; lastKnownFileType = sourcecode.swift; path = Leprechaun.swift; sourceTree = "<group>"; };
		9AA29CA5212EBBA4002E316D /* PlayerClass.swift */ = {isa = PBXFileReference; fileEncoding = 4; lastKnownFileType = sourcecode.swift; path = PlayerClass.swift; sourceTree = "<group>"; };
		9AA29CA6212EBBA4002E316D /* Warrior.swift */ = {isa = PBXFileReference; fileEncoding = 4; lastKnownFileType = sourcecode.swift; path = Warrior.swift; sourceTree = "<group>"; };
		9AA29CA7212EBBA4002E316D /* Wizzard.swift */ = {isa = PBXFileReference; fileEncoding = 4; lastKnownFileType = sourcecode.swift; path = Wizzard.swift; sourceTree = "<group>"; };
		9AA29CA9212EBBA4002E316D /* Game.swift */ = {isa = PBXFileReference; fileEncoding = 4; lastKnownFileType = sourcecode.swift; path = Game.swift; sourceTree = "<group>"; };
		9AA29CAA212EBBA4002E316D /* Player.swift */ = {isa = PBXFileReference; fileEncoding = 4; lastKnownFileType = sourcecode.swift; path = Player.swift; sourceTree = "<group>"; };
		9AA29CAB212EBBA4002E316D /* Team.swift */ = {isa = PBXFileReference; fileEncoding = 4; lastKnownFileType = sourcecode.swift; path = Team.swift; sourceTree = "<group>"; };
		9AA29CAD212EBBA4002E316D /* FireBall.swift */ = {isa = PBXFileReference; fileEncoding = 4; lastKnownFileType = sourcecode.swift; path = FireBall.swift; sourceTree = "<group>"; };
		9AA29CAE212EBBA4002E316D /* IceBlock.swift */ = {isa = PBXFileReference; fileEncoding = 4; lastKnownFileType = sourcecode.swift; path = IceBlock.swift; sourceTree = "<group>"; };
		9AA29CAF212EBBA4002E316D /* PlayerSpell.swift */ = {isa = PBXFileReference; fileEncoding = 4; lastKnownFileType = sourcecode.swift; path = PlayerSpell.swift; sourceTree = "<group>"; };
		9AA29CB1212EBBA4002E316D /* Axe.swift */ = {isa = PBXFileReference; fileEncoding = 4; lastKnownFileType = sourcecode.swift; path = Axe.swift; sourceTree = "<group>"; };
		9AA29CB2212EBBA5002E316D /* errorWep.swift */ = {isa = PBXFileReference; fileEncoding = 4; lastKnownFileType = sourcecode.swift; path = errorWep.swift; sourceTree = "<group>"; };
		9AA29CB3212EBBA5002E316D /* Hammer.swift */ = {isa = PBXFileReference; fileEncoding = 4; lastKnownFileType = sourcecode.swift; path = Hammer.swift; sourceTree = "<group>"; };
		9AA29CB4212EBBA5002E316D /* PlayerWeapon.swift */ = {isa = PBXFileReference; fileEncoding = 4; lastKnownFileType = sourcecode.swift; path = PlayerWeapon.swift; sourceTree = "<group>"; };
		9AA29CB5212EBBA5002E316D /* Stick.swift */ = {isa = PBXFileReference; fileEncoding = 4; lastKnownFileType = sourcecode.swift; path = Stick.swift; sourceTree = "<group>"; };
		9AA29CB6212EBBA5002E316D /* Sword.swift */ = {isa = PBXFileReference; fileEncoding = 4; lastKnownFileType = sourcecode.swift; path = Sword.swift; sourceTree = "<group>"; };
		9AA29CB7212EBBA5002E316D /* main.swift */ = {isa = PBXFileReference; fileEncoding = 4; lastKnownFileType = sourcecode.swift; name = main.swift; path = "../../../Downloads/ClashHeroesXcode-master/ClashHeroesXcode/main.swift"; sourceTree = "<group>"; };
/* End PBXFileReference section */

/* Begin PBXFrameworksBuildPhase section */
		9A905D0420D58752008BF422 /* Frameworks */ = {
			isa = PBXFrameworksBuildPhase;
			buildActionMask = 2147483647;
			files = (
			);
			runOnlyForDeploymentPostprocessing = 0;
		};
/* End PBXFrameworksBuildPhase section */

/* Begin PBXGroup section */
		9A905CFE20D58752008BF422 = {
			isa = PBXGroup;
			children = (
				9A905D0920D58752008BF422 /* ClashHeroesXcode */,
				9A905D0820D58752008BF422 /* Products */,
			);
			sourceTree = "<group>";
		};
		9A905D0820D58752008BF422 /* Products */ = {
			isa = PBXGroup;
			children = (
				9A905D0720D58752008BF422 /* ClashHeroesXcode */,
			);
			name = Products;
			sourceTree = "<group>";
		};
		9A905D0920D58752008BF422 /* ClashHeroesXcode */ = {
			isa = PBXGroup;
			children = (
				9AA29CD0212EC3FB002E316D /* ClashHeroesXcode */,
				9AA29CB7212EBBA5002E316D /* main.swift */,
				9AA29C9A212EBBA4002E316D /* Model */,
			);
			path = ClashHeroesXcode;
			sourceTree = "<group>";
		};
		9AA29C9A212EBBA4002E316D /* Model */ = {
			isa = PBXGroup;
			children = (
				9AA29C9B212EBBA4002E316D /* Chest */,
				9AA29CA1212EBBA4002E316D /* Class */,
				9AA29CA8212EBBA4002E316D /* General */,
				9AA29CAC212EBBA4002E316D /* Spell */,
				9AA29CB0212EBBA4002E316D /* Weapons */,
			);
			name = Model;
			path = "../../../Downloads/ClashHeroesXcode-master/ClashHeroesXcode/Model";
			sourceTree = "<group>";
		};
		9AA29C9B212EBBA4002E316D /* Chest */ = {
			isa = PBXGroup;
			children = (
				9AA29C9C212EBBA4002E316D /* BlackChest.swift */,
				9AA29C9D212EBBA4002E316D /* BlankChest.swift */,
				9AA29C9E212EBBA4002E316D /* BlueChest.swift */,
				9AA29C9F212EBBA4002E316D /* PlayerChest.swift */,
				9AA29CA0212EBBA4002E316D /* RedChest.swift */,
			);
			path = Chest;
			sourceTree = "<group>";
		};
		9AA29CA1212EBBA4002E316D /* Class */ = {
			isa = PBXGroup;
			children = (
				9AA29CA2212EBBA4002E316D /* Colossus.swift */,
				9AA29CA3212EBBA4002E316D /* Dwarf.swift */,
				9AA29CA4212EBBA4002E316D /* Leprechaun.swift */,
				9AA29CA5212EBBA4002E316D /* PlayerClass.swift */,
				9AA29CA6212EBBA4002E316D /* Warrior.swift */,
				9AA29CA7212EBBA4002E316D /* Wizzard.swift */,
			);
			path = Class;
			sourceTree = "<group>";
		};
		9AA29CA8212EBBA4002E316D /* General */ = {
			isa = PBXGroup;
			children = (
				9AA29CA9212EBBA4002E316D /* Game.swift */,
				9AA29CAA212EBBA4002E316D /* Player.swift */,
				9AA29CAB212EBBA4002E316D /* Team.swift */,
			);
			path = General;
			sourceTree = "<group>";
		};
		9AA29CAC212EBBA4002E316D /* Spell */ = {
			isa = PBXGroup;
			children = (
				9AA29CAD212EBBA4002E316D /* FireBall.swift */,
				9AA29CAE212EBBA4002E316D /* IceBlock.swift */,
				9AA29CAF212EBBA4002E316D /* PlayerSpell.swift */,
			);
			path = Spell;
			sourceTree = "<group>";
		};
		9AA29CB0212EBBA4002E316D /* Weapons */ = {
			isa = PBXGroup;
			children = (
				9AA29CB1212EBBA4002E316D /* Axe.swift */,
				9AA29CB2212EBBA5002E316D /* errorWep.swift */,
				9AA29CB3212EBBA5002E316D /* Hammer.swift */,
				9AA29CB4212EBBA5002E316D /* PlayerWeapon.swift */,
				9AA29CB5212EBBA5002E316D /* Stick.swift */,
				9AA29CB6212EBBA5002E316D /* Sword.swift */,
			);
			path = Weapons;
			sourceTree = "<group>";
		};
		9AA29CD0212EC3FB002E316D /* ClashHeroesXcode */ = {
			isa = PBXGroup;
			children = (
			);
			name = ClashHeroesXcode;
			sourceTree = "<group>";
		};
/* End PBXGroup section */

/* Begin PBXNativeTarget section */
		9A905D0620D58752008BF422 /* ClashHeroesXcode */ = {
			isa = PBXNativeTarget;
			buildConfigurationList = 9A905D0E20D58753008BF422 /* Build configuration list for PBXNativeTarget "ClashHeroesXcode" */;
			buildPhases = (
				9A905D0320D58752008BF422 /* Sources */,
				9A905D0420D58752008BF422 /* Frameworks */,
				9A905D0520D58752008BF422 /* CopyFiles */,
			);
			buildRules = (
			);
			dependencies = (
			);
			name = ClashHeroesXcode;
			productName = ClashHeroesXcode;
			productReference = 9A905D0720D58752008BF422 /* ClashHeroesXcode */;
			productType = "com.apple.product-type.tool";
		};
/* End PBXNativeTarget section */

/* Begin PBXProject section */
		9A905CFF20D58752008BF422 /* Project object */ = {
			isa = PBXProject;
			attributes = {
				LastSwiftUpdateCheck = 0940;
				LastUpgradeCheck = 0940;
				ORGANIZATIONNAME = macmini;
				TargetAttributes = {
					9A905D0620D58752008BF422 = {
						CreatedOnToolsVersion = 9.4;
					};
				};
			};
			buildConfigurationList = 9A905D0220D58752008BF422 /* Build configuration list for PBXProject "ClashHeroesXcode" */;
			compatibilityVersion = "Xcode 9.3";
			developmentRegion = en;
			hasScannedForEncodings = 0;
			knownRegions = (
				en,
			);
			mainGroup = 9A905CFE20D58752008BF422;
			productRefGroup = 9A905D0820D58752008BF422 /* Products */;
			projectDirPath = "";
			projectRoot = "";
			targets = (
				9A905D0620D58752008BF422 /* ClashHeroesXcode */,
			);
		};
/* End PBXProject section */

/* Begin PBXSourcesBuildPhase section */
		9A905D0320D58752008BF422 /* Sources */ = {
			isa = PBXSourcesBuildPhase;
			buildActionMask = 2147483647;
			files = (
				9AA29CBD212EBBA5002E316D /* Colossus.swift in Sources */,
				9AA29CBE212EBBA5002E316D /* Dwarf.swift in Sources */,
				9AA29CBC212EBBA5002E316D /* RedChest.swift in Sources */,
				9AA29CC8212EBBA5002E316D /* PlayerSpell.swift in Sources */,
				9AA29CB9212EBBA5002E316D /* BlankChest.swift in Sources */,
				9AA29CCB212EBBA5002E316D /* Hammer.swift in Sources */,
				9AA29CCF212EBBA5002E316D /* main.swift in Sources */,
				9AA29CCC212EBBA5002E316D /* PlayerWeapon.swift in Sources */,
				9AA29CBA212EBBA5002E316D /* BlueChest.swift in Sources */,
				9AA29CC0212EBBA5002E316D /* PlayerClass.swift in Sources */,
				9AA29CC4212EBBA5002E316D /* Player.swift in Sources */,
				9AA29CC9212EBBA5002E316D /* Axe.swift in Sources */,
				9AA29CC3212EBBA5002E316D /* Game.swift in Sources */,
				9AA29CCE212EBBA5002E316D /* Sword.swift in Sources */,
				9AA29CC6212EBBA5002E316D /* FireBall.swift in Sources */,
				9AA29CCA212EBBA5002E316D /* errorWep.swift in Sources */,
				9AA29CBF212EBBA5002E316D /* Leprechaun.swift in Sources */,
				9AA29CBB212EBBA5002E316D /* PlayerChest.swift in Sources */,
				9AA29CC5212EBBA5002E316D /* Team.swift in Sources */,
				9AA29CB8212EBBA5002E316D /* BlackChest.swift in Sources */,
				9AA29CC1212EBBA5002E316D /* Warrior.swift in Sources */,
				9AA29CC2212EBBA5002E316D /* Wizzard.swift in Sources */,
				9AA29CCD212EBBA5002E316D /* Stick.swift in Sources */,
				9AA29CC7212EBBA5002E316D /* IceBlock.swift in Sources */,
			);
			runOnlyForDeploymentPostprocessing = 0;
		};
/* End PBXSourcesBuildPhase section */

/* Begin XCBuildConfiguration section */
		9A905D0C20D58752008BF422 /* Debug */ = {
			isa = XCBuildConfiguration;
			buildSettings = {
				ALWAYS_SEARCH_USER_PATHS = NO;
				CLANG_ANALYZER_NONNULL = YES;
				CLANG_ANALYZER_NUMBER_OBJECT_CONVERSION = YES_AGGRESSIVE;
				CLANG_CXX_LANGUAGE_STANDARD = "gnu++14";
				CLANG_CXX_LIBRARY = "libc++";
				CLANG_ENABLE_MODULES = YES;
				CLANG_ENABLE_OBJC_ARC = YES;
				CLANG_ENABLE_OBJC_WEAK = YES;
				CLANG_WARN_BLOCK_CAPTURE_AUTORELEASING = YES;
				CLANG_WARN_BOOL_CONVERSION = YES;
				CLANG_WARN_COMMA = YES;
				CLANG_WARN_CONSTANT_CONVERSION = YES;
				CLANG_WARN_DEPRECATED_OBJC_IMPLEMENTATIONS = YES;
				CLANG_WARN_DIRECT_OBJC_ISA_USAGE = YES_ERROR;
				CLANG_WARN_DOCUMENTATION_COMMENTS = YES;
				CLANG_WARN_EMPTY_BODY = YES;
				CLANG_WARN_ENUM_CONVERSION = YES;
				CLANG_WARN_INFINITE_RECURSION = YES;
				CLANG_WARN_INT_CONVERSION = YES;
				CLANG_WARN_NON_LITERAL_NULL_CONVERSION = YES;
				CLANG_WARN_OBJC_IMPLICIT_RETAIN_SELF = YES;
				CLANG_WARN_OBJC_LITERAL_CONVERSION = YES;
				CLANG_WARN_OBJC_ROOT_CLASS = YES_ERROR;
				CLANG_WARN_RANGE_LOOP_ANALYSIS = YES;
				CLANG_WARN_STRICT_PROTOTYPES = YES;
				CLANG_WARN_SUSPICIOUS_MOVE = YES;
				CLANG_WARN_UNGUARDED_AVAILABILITY = YES_AGGRESSIVE;
				CLANG_WARN_UNREACHABLE_CODE = YES;
				CLANG_WARN__DUPLICATE_METHOD_MATCH = YES;
				CODE_SIGN_IDENTITY = "Mac Developer";
				COPY_PHASE_STRIP = NO;
				DEBUG_INFORMATION_FORMAT = dwarf;
				ENABLE_STRICT_OBJC_MSGSEND = YES;
				ENABLE_TESTABILITY = YES;
				GCC_C_LANGUAGE_STANDARD = gnu11;
				GCC_DYNAMIC_NO_PIC = NO;
				GCC_NO_COMMON_BLOCKS = YES;
				GCC_OPTIMIZATION_LEVEL = 0;
				GCC_PREPROCESSOR_DEFINITIONS = (
					"DEBUG=1",
					"$(inherited)",
				);
				GCC_WARN_64_TO_32_BIT_CONVERSION = YES;
				GCC_WARN_ABOUT_RETURN_TYPE = YES_ERROR;
				GCC_WARN_UNDECLARED_SELECTOR = YES;
				GCC_WARN_UNINITIALIZED_AUTOS = YES_AGGRESSIVE;
				GCC_WARN_UNUSED_FUNCTION = YES;
				GCC_WARN_UNUSED_VARIABLE = YES;
				MACOSX_DEPLOYMENT_TARGET = 10.13;
				MTL_ENABLE_DEBUG_INFO = YES;
				ONLY_ACTIVE_ARCH = YES;
				SDKROOT = macosx;
				SWIFT_ACTIVE_COMPILATION_CONDITIONS = DEBUG;
				SWIFT_OPTIMIZATION_LEVEL = "-Onone";
			};
			name = Debug;
		};
		9A905D0D20D58752008BF422 /* Release */ = {
			isa = XCBuildConfiguration;
			buildSettings = {
				ALWAYS_SEARCH_USER_PATHS = NO;
				CLANG_ANALYZER_NONNULL = YES;
				CLANG_ANALYZER_NUMBER_OBJECT_CONVERSION = YES_AGGRESSIVE;
				CLANG_CXX_LANGUAGE_STANDARD = "gnu++14";
				CLANG_CXX_LIBRARY = "libc++";
				CLANG_ENABLE_MODULES = YES;
				CLANG_ENABLE_OBJC_ARC = YES;
				CLANG_ENABLE_OBJC_WEAK = YES;
				CLANG_WARN_BLOCK_CAPTURE_AUTORELEASING = YES;
				CLANG_WARN_BOOL_CONVERSION = YES;
				CLANG_WARN_COMMA = YES;
				CLANG_WARN_CONSTANT_CONVERSION = YES;
				CLANG_WARN_DEPRECATED_OBJC_IMPLEMENTATIONS = YES;
				CLANG_WARN_DIRECT_OBJC_ISA_USAGE = YES_ERROR;
				CLANG_WARN_DOCUMENTATION_COMMENTS = YES;
				CLANG_WARN_EMPTY_BODY = YES;
				CLANG_WARN_ENUM_CONVERSION = YES;
				CLANG_WARN_INFINITE_RECURSION = YES;
				CLANG_WARN_INT_CONVERSION = YES;
				CLANG_WARN_NON_LITERAL_NULL_CONVERSION = YES;
				CLANG_WARN_OBJC_IMPLICIT_RETAIN_SELF = YES;
				CLANG_WARN_OBJC_LITERAL_CONVERSION = YES;
				CLANG_WARN_OBJC_ROOT_CLASS = YES_ERROR;
				CLANG_WARN_RANGE_LOOP_ANALYSIS = YES;
				CLANG_WARN_STRICT_PROTOTYPES = YES;
				CLANG_WARN_SUSPICIOUS_MOVE = YES;
				CLANG_WARN_UNGUARDED_AVAILABILITY = YES_AGGRESSIVE;
				CLANG_WARN_UNREACHABLE_CODE = YES;
				CLANG_WARN__DUPLICATE_METHOD_MATCH = YES;
				CODE_SIGN_IDENTITY = "Mac Developer";
				COPY_PHASE_STRIP = NO;
				DEBUG_INFORMATION_FORMAT = "dwarf-with-dsym";
				ENABLE_NS_ASSERTIONS = NO;
				ENABLE_STRICT_OBJC_MSGSEND = YES;
				GCC_C_LANGUAGE_STANDARD = gnu11;
				GCC_NO_COMMON_BLOCKS = YES;
				GCC_WARN_64_TO_32_BIT_CONVERSION = YES;
				GCC_WARN_ABOUT_RETURN_TYPE = YES_ERROR;
				GCC_WARN_UNDECLARED_SELECTOR = YES;
				GCC_WARN_UNINITIALIZED_AUTOS = YES_AGGRESSIVE;
				GCC_WARN_UNUSED_FUNCTION = YES;
				GCC_WARN_UNUSED_VARIABLE = YES;
				MACOSX_DEPLOYMENT_TARGET = 10.13;
				MTL_ENABLE_DEBUG_INFO = NO;
				SDKROOT = macosx;
				SWIFT_COMPILATION_MODE = wholemodule;
				SWIFT_OPTIMIZATION_LEVEL = "-O";
			};
			name = Release;
		};
		9A905D0F20D58753008BF422 /* Debug */ = {
			isa = XCBuildConfiguration;
			buildSettings = {
				CODE_SIGN_STYLE = Automatic;
				DEVELOPMENT_TEAM = WFV3URF3ZF;
				PRODUCT_NAME = "$(TARGET_NAME)";
				SWIFT_VERSION = 4.0;
			};
			name = Debug;
		};
		9A905D1020D58753008BF422 /* Release */ = {
			isa = XCBuildConfiguration;
			buildSettings = {
				CODE_SIGN_STYLE = Automatic;
				DEVELOPMENT_TEAM = WFV3URF3ZF;
				PRODUCT_NAME = "$(TARGET_NAME)";
				SWIFT_VERSION = 4.0;
			};
			name = Release;
		};
/* End XCBuildConfiguration section */

/* Begin XCConfigurationList section */
		9A905D0220D58752008BF422 /* Build configuration list for PBXProject "ClashHeroesXcode" */ = {
			isa = XCConfigurationList;
			buildConfigurations = (
				9A905D0C20D58752008BF422 /* Debug */,
				9A905D0D20D58752008BF422 /* Release */,
			);
			defaultConfigurationIsVisible = 0;
			defaultConfigurationName = Release;
		};
		9A905D0E20D58753008BF422 /* Build configuration list for PBXNativeTarget "ClashHeroesXcode" */ = {
			isa = XCConfigurationList;
			buildConfigurations = (
				9A905D0F20D58753008BF422 /* Debug */,
				9A905D1020D58753008BF422 /* Release */,
			);
			defaultConfigurationIsVisible = 0;
			defaultConfigurationName = Release;
		};
/* End XCConfigurationList section */
	};
	rootObject = 9A905CFF20D58752008BF422 /* Project object */;
}
