// !$*UTF8*$!
{
	archiveVersion = 1;
	classes = {
	};
	objectVersion = 50;
	objects = {

/* Begin PBXBuildFile section */
		9A7C5E562100DF60003832A5 /* Team.swift in Sources */ = {isa = PBXBuildFile; fileRef = 9A7C5E552100DF60003832A5 /* Team.swift */; };
		9A7C5E582100DF6F003832A5 /* Player.swift in Sources */ = {isa = PBXBuildFile; fileRef = 9A7C5E572100DF6F003832A5 /* Player.swift */; };
		9A7C5E5A2100DF7A003832A5 /* Game.swift in Sources */ = {isa = PBXBuildFile; fileRef = 9A7C5E592100DF7A003832A5 /* Game.swift */; };
		9A7C5E5C2100DF95003832A5 /* Weapon.swift in Sources */ = {isa = PBXBuildFile; fileRef = 9A7C5E5B2100DF95003832A5 /* Weapon.swift */; };
		9A905D0B20D58752008BF422 /* main.swift in Sources */ = {isa = PBXBuildFile; fileRef = 9A905D0A20D58752008BF422 /* main.swift */; };
		9AE5EB1021088B5300017680 /* Warrior.swift in Sources */ = {isa = PBXBuildFile; fileRef = 9AE5EB0F21088B5300017680 /* Warrior.swift */; };
		9AE5EB1221088B7000017680 /* Wizzard.swift in Sources */ = {isa = PBXBuildFile; fileRef = 9AE5EB1121088B7000017680 /* Wizzard.swift */; };
		9AE5EB1421088BAD00017680 /* Leprechaun.swift in Sources */ = {isa = PBXBuildFile; fileRef = 9AE5EB1321088BAD00017680 /* Leprechaun.swift */; };
		9AE5EB1621088BC600017680 /* Dwarf.swift in Sources */ = {isa = PBXBuildFile; fileRef = 9AE5EB1521088BC600017680 /* Dwarf.swift */; };
		9AE5EB1821088BE200017680 /* Colossus.swift in Sources */ = {isa = PBXBuildFile; fileRef = 9AE5EB1721088BE200017680 /* Colossus.swift */; };
		9AE5EB1D21088C8E00017680 /* PlayerClass.swift in Sources */ = {isa = PBXBuildFile; fileRef = 9AE5EB1C21088C8E00017680 /* PlayerClass.swift */; };
		9AE5EB2021088DE200017680 /* PlayerSpell.swift in Sources */ = {isa = PBXBuildFile; fileRef = 9AE5EB1F21088DE200017680 /* PlayerSpell.swift */; };
/* End PBXBuildFile section */

/* Begin PBXCopyFilesBuildPhase section */
		9A905D0520D58752008BF422 /* CopyFiles */ = {
			isa = PBXCopyFilesBuildPhase;
			buildActionMask = 2147483647;
			dstPath = /usr/share/man/man1/;
			dstSubfolderSpec = 0;
			files = (
			);
			runOnlyForDeploymentPostprocessing = 1;
		};
/* End PBXCopyFilesBuildPhase section */

/* Begin PBXFileReference section */
		9A7C5E552100DF60003832A5 /* Team.swift */ = {isa = PBXFileReference; lastKnownFileType = sourcecode.swift; path = Team.swift; sourceTree = "<group>"; };
		9A7C5E572100DF6F003832A5 /* Player.swift */ = {isa = PBXFileReference; lastKnownFileType = sourcecode.swift; path = Player.swift; sourceTree = "<group>"; };
		9A7C5E592100DF7A003832A5 /* Game.swift */ = {isa = PBXFileReference; lastKnownFileType = sourcecode.swift; path = Game.swift; sourceTree = "<group>"; };
		9A7C5E5B2100DF95003832A5 /* Weapon.swift */ = {isa = PBXFileReference; lastKnownFileType = sourcecode.swift; path = Weapon.swift; sourceTree = "<group>"; };
		9A905D0720D58752008BF422 /* ClashHeroesXcode */ = {isa = PBXFileReference; explicitFileType = "compiled.mach-o.executable"; includeInIndex = 0; path = ClashHeroesXcode; sourceTree = BUILT_PRODUCTS_DIR; };
		9A905D0A20D58752008BF422 /* main.swift */ = {isa = PBXFileReference; lastKnownFileType = sourcecode.swift; path = main.swift; sourceTree = "<group>"; };
		9AE5EB0F21088B5300017680 /* Warrior.swift */ = {isa = PBXFileReference; lastKnownFileType = sourcecode.swift; path = Warrior.swift; sourceTree = "<group>"; };
		9AE5EB1121088B7000017680 /* Wizzard.swift */ = {isa = PBXFileReference; lastKnownFileType = sourcecode.swift; path = Wizzard.swift; sourceTree = "<group>"; };
		9AE5EB1321088BAD00017680 /* Leprechaun.swift */ = {isa = PBXFileReference; lastKnownFileType = sourcecode.swift; path = Leprechaun.swift; sourceTree = "<group>"; };
		9AE5EB1521088BC600017680 /* Dwarf.swift */ = {isa = PBXFileReference; lastKnownFileType = sourcecode.swift; path = Dwarf.swift; sourceTree = "<group>"; };
		9AE5EB1721088BE200017680 /* Colossus.swift */ = {isa = PBXFileReference; lastKnownFileType = sourcecode.swift; path = Colossus.swift; sourceTree = "<group>"; };
		9AE5EB1C21088C8E00017680 /* PlayerClass.swift */ = {isa = PBXFileReference; lastKnownFileType = sourcecode.swift; path = PlayerClass.swift; sourceTree = "<group>"; };
		9AE5EB1F21088DE200017680 /* PlayerSpell.swift */ = {isa = PBXFileReference; lastKnownFileType = sourcecode.swift; path = PlayerSpell.swift; sourceTree = "<group>"; };
/* End PBXFileReference section */

/* Begin PBXFrameworksBuildPhase section */
		9A905D0420D58752008BF422 /* Frameworks */ = {
			isa = PBXFrameworksBuildPhase;
			buildActionMask = 2147483647;
			files = (
			);
			runOnlyForDeploymentPostprocessing = 0;
		};
/* End PBXFrameworksBuildPhase section */

/* Begin PBXGroup section */
		9A905CFE20D58752008BF422 = {
			isa = PBXGroup;
			children = (
				9A905D0920D58752008BF422 /* ClashHeroesXcode */,
				9A905D0820D58752008BF422 /* Products */,
			);
			sourceTree = "<group>";
		};
		9A905D0820D58752008BF422 /* Products */ = {
			isa = PBXGroup;
			children = (
				9A905D0720D58752008BF422 /* ClashHeroesXcode */,
			);
			name = Products;
			sourceTree = "<group>";
		};
		9A905D0920D58752008BF422 /* ClashHeroesXcode */ = {
			isa = PBXGroup;
			children = (
				9A905D0A20D58752008BF422 /* main.swift */,
				9A905D1120D58837008BF422 /* Model */,
			);
			path = ClashHeroesXcode;
			sourceTree = "<group>";
		};
		9A905D1120D58837008BF422 /* Model */ = {
			isa = PBXGroup;
			children = (
				9AE5EB1E21088DD100017680 /* Spell */,
				9AE5EB1B21088C4000017680 /* Class */,
				9A7C5E552100DF60003832A5 /* Team.swift */,
				9A7C5E572100DF6F003832A5 /* Player.swift */,
				9A7C5E592100DF7A003832A5 /* Game.swift */,
				9A7C5E5B2100DF95003832A5 /* Weapon.swift */,
			);
			path = Model;
			sourceTree = "<group>";
		};
		9AE5EB1B21088C4000017680 /* Class */ = {
			isa = PBXGroup;
			children = (
				9AE5EB0F21088B5300017680 /* Warrior.swift */,
				9AE5EB1321088BAD00017680 /* Leprechaun.swift */,
				9AE5EB1721088BE200017680 /* Colossus.swift */,
				9AE5EB1521088BC600017680 /* Dwarf.swift */,
				9AE5EB1121088B7000017680 /* Wizzard.swift */,
				9AE5EB1C21088C8E00017680 /* PlayerClass.swift */,
			);
			path = Class;
			sourceTree = "<group>";
		};
		9AE5EB1E21088DD100017680 /* Spell */ = {
			isa = PBXGroup;
			children = (
				9AE5EB1F21088DE200017680 /* PlayerSpell.swift */,
			);
			path = Spell;
			sourceTree = "<group>";
		};
/* End PBXGroup section */

/* Begin PBXNativeTarget section */
		9A905D0620D58752008BF422 /* ClashHeroesXcode */ = {
			isa = PBXNativeTarget;
			buildConfigurationList = 9A905D0E20D58753008BF422 /* Build configuration list for PBXNativeTarget "ClashHeroesXcode" */;
			buildPhases = (
				9A905D0320D58752008BF422 /* Sources */,
				9A905D0420D58752008BF422 /* Frameworks */,
				9A905D0520D58752008BF422 /* CopyFiles */,
			);
			buildRules = (
			);
			dependencies = (
			);
			name = ClashHeroesXcode;
			productName = ClashHeroesXcode;
			productReference = 9A905D0720D58752008BF422 /* ClashHeroesXcode */;
			productType = "com.apple.product-type.tool";
		};
/* End PBXNativeTarget section */

/* Begin PBXProject section */
		9A905CFF20D58752008BF422 /* Project object */ = {
			isa = PBXProject;
			attributes = {
				LastSwiftUpdateCheck = 0940;
				LastUpgradeCheck = 0940;
				ORGANIZATIONNAME = macmini;
				TargetAttributes = {
					9A905D0620D58752008BF422 = {
						CreatedOnToolsVersion = 9.4;
					};
				};
			};
			buildConfigurationList = 9A905D0220D58752008BF422 /* Build configuration list for PBXProject "ClashHeroesXcode" */;
			compatibilityVersion = "Xcode 9.3";
			developmentRegion = en;
			hasScannedForEncodings = 0;
			knownRegions = (
				en,
			);
			mainGroup = 9A905CFE20D58752008BF422;
			productRefGroup = 9A905D0820D58752008BF422 /* Products */;
			projectDirPath = "";
			projectRoot = "";
			targets = (
				9A905D0620D58752008BF422 /* ClashHeroesXcode */,
			);
		};
/* End PBXProject section */

/* Begin PBXSourcesBuildPhase section */
		9A905D0320D58752008BF422 /* Sources */ = {
			isa = PBXSourcesBuildPhase;
			buildActionMask = 2147483647;
			files = (
				9AE5EB1821088BE200017680 /* Colossus.swift in Sources */,
				9AE5EB1D21088C8E00017680 /* PlayerClass.swift in Sources */,
				9AE5EB1021088B5300017680 /* Warrior.swift in Sources */,
				9AE5EB1221088B7000017680 /* Wizzard.swift in Sources */,
				9AE5EB1621088BC600017680 /* Dwarf.swift in Sources */,
				9AE5EB2021088DE200017680 /* PlayerSpell.swift in Sources */,
				9AE5EB1421088BAD00017680 /* Leprechaun.swift in Sources */,
				9A7C5E5C2100DF95003832A5 /* Weapon.swift in Sources */,
				9A7C5E562100DF60003832A5 /* Team.swift in Sources */,
				9A7C5E582100DF6F003832A5 /* Player.swift in Sources */,
				9A905D0B20D58752008BF422 /* main.swift in Sources */,
				9A7C5E5A2100DF7A003832A5 /* Game.swift in Sources */,
			);
			runOnlyForDeploymentPostprocessing = 0;
		};
/* End PBXSourcesBuildPhase section */

/* Begin XCBuildConfiguration section */
		9A905D0C20D58752008BF422 /* Debug */ = {
			isa = XCBuildConfiguration;
			buildSettings = {
				ALWAYS_SEARCH_USER_PATHS = NO;
				CLANG_ANALYZER_NONNULL = YES;
				CLANG_ANALYZER_NUMBER_OBJECT_CONVERSION = YES_AGGRESSIVE;
				CLANG_CXX_LANGUAGE_STANDARD = "gnu++14";
				CLANG_CXX_LIBRARY = "libc++";
				CLANG_ENABLE_MODULES = YES;
				CLANG_ENABLE_OBJC_ARC = YES;
				CLANG_ENABLE_OBJC_WEAK = YES;
				CLANG_WARN_BLOCK_CAPTURE_AUTORELEASING = YES;
				CLANG_WARN_BOOL_CONVERSION = YES;
				CLANG_WARN_COMMA = YES;
				CLANG_WARN_CONSTANT_CONVERSION = YES;
				CLANG_WARN_DEPRECATED_OBJC_IMPLEMENTATIONS = YES;
				CLANG_WARN_DIRECT_OBJC_ISA_USAGE = YES_ERROR;
				CLANG_WARN_DOCUMENTATION_COMMENTS = YES;
				CLANG_WARN_EMPTY_BODY = YES;
				CLANG_WARN_ENUM_CONVERSION = YES;
				CLANG_WARN_INFINITE_RECURSION = YES;
				CLANG_WARN_INT_CONVERSION = YES;
				CLANG_WARN_NON_LITERAL_NULL_CONVERSION = YES;
				CLANG_WARN_OBJC_IMPLICIT_RETAIN_SELF = YES;
				CLANG_WARN_OBJC_LITERAL_CONVERSION = YES;
				CLANG_WARN_OBJC_ROOT_CLASS = YES_ERROR;
				CLANG_WARN_RANGE_LOOP_ANALYSIS = YES;
				CLANG_WARN_STRICT_PROTOTYPES = YES;
				CLANG_WARN_SUSPICIOUS_MOVE = YES;
				CLANG_WARN_UNGUARDED_AVAILABILITY = YES_AGGRESSIVE;
				CLANG_WARN_UNREACHABLE_CODE = YES;
				CLANG_WARN__DUPLICATE_METHOD_MATCH = YES;
				CODE_SIGN_IDENTITY = "Mac Developer";
				COPY_PHASE_STRIP = NO;
				DEBUG_INFORMATION_FORMAT = dwarf;
				ENABLE_STRICT_OBJC_MSGSEND = YES;
				ENABLE_TESTABILITY = YES;
				GCC_C_LANGUAGE_STANDARD = gnu11;
				GCC_DYNAMIC_NO_PIC = NO;
				GCC_NO_COMMON_BLOCKS = YES;
				GCC_OPTIMIZATION_LEVEL = 0;
				GCC_PREPROCESSOR_DEFINITIONS = (
					"DEBUG=1",
					"$(inherited)",
				);
				GCC_WARN_64_TO_32_BIT_CONVERSION = YES;
				GCC_WARN_ABOUT_RETURN_TYPE = YES_ERROR;
				GCC_WARN_UNDECLARED_SELECTOR = YES;
				GCC_WARN_UNINITIALIZED_AUTOS = YES_AGGRESSIVE;
				GCC_WARN_UNUSED_FUNCTION = YES;
				GCC_WARN_UNUSED_VARIABLE = YES;
				MACOSX_DEPLOYMENT_TARGET = 10.13;
				MTL_ENABLE_DEBUG_INFO = YES;
				ONLY_ACTIVE_ARCH = YES;
				SDKROOT = macosx;
				SWIFT_ACTIVE_COMPILATION_CONDITIONS = DEBUG;
				SWIFT_OPTIMIZATION_LEVEL = "-Onone";
			};
			name = Debug;
		};
		9A905D0D20D58752008BF422 /* Release */ = {
			isa = XCBuildConfiguration;
			buildSettings = {
				ALWAYS_SEARCH_USER_PATHS = NO;
				CLANG_ANALYZER_NONNULL = YES;
				CLANG_ANALYZER_NUMBER_OBJECT_CONVERSION = YES_AGGRESSIVE;
				CLANG_CXX_LANGUAGE_STANDARD = "gnu++14";
				CLANG_CXX_LIBRARY = "libc++";
				CLANG_ENABLE_MODULES = YES;
				CLANG_ENABLE_OBJC_ARC = YES;
				CLANG_ENABLE_OBJC_WEAK = YES;
				CLANG_WARN_BLOCK_CAPTURE_AUTORELEASING = YES;
				CLANG_WARN_BOOL_CONVERSION = YES;
				CLANG_WARN_COMMA = YES;
				CLANG_WARN_CONSTANT_CONVERSION = YES;
				CLANG_WARN_DEPRECATED_OBJC_IMPLEMENTATIONS = YES;
				CLANG_WARN_DIRECT_OBJC_ISA_USAGE = YES_ERROR;
				CLANG_WARN_DOCUMENTATION_COMMENTS = YES;
				CLANG_WARN_EMPTY_BODY = YES;
				CLANG_WARN_ENUM_CONVERSION = YES;
				CLANG_WARN_INFINITE_RECURSION = YES;
				CLANG_WARN_INT_CONVERSION = YES;
				CLANG_WARN_NON_LITERAL_NULL_CONVERSION = YES;
				CLANG_WARN_OBJC_IMPLICIT_RETAIN_SELF = YES;
				CLANG_WARN_OBJC_LITERAL_CONVERSION = YES;
				CLANG_WARN_OBJC_ROOT_CLASS = YES_ERROR;
				CLANG_WARN_RANGE_LOOP_ANALYSIS = YES;
				CLANG_WARN_STRICT_PROTOTYPES = YES;
				CLANG_WARN_SUSPICIOUS_MOVE = YES;
				CLANG_WARN_UNGUARDED_AVAILABILITY = YES_AGGRESSIVE;
				CLANG_WARN_UNREACHABLE_CODE = YES;
				CLANG_WARN__DUPLICATE_METHOD_MATCH = YES;
				CODE_SIGN_IDENTITY = "Mac Developer";
				COPY_PHASE_STRIP = NO;
				DEBUG_INFORMATION_FORMAT = "dwarf-with-dsym";
				ENABLE_NS_ASSERTIONS = NO;
				ENABLE_STRICT_OBJC_MSGSEND = YES;
				GCC_C_LANGUAGE_STANDARD = gnu11;
				GCC_NO_COMMON_BLOCKS = YES;
				GCC_WARN_64_TO_32_BIT_CONVERSION = YES;
				GCC_WARN_ABOUT_RETURN_TYPE = YES_ERROR;
				GCC_WARN_UNDECLARED_SELECTOR = YES;
				GCC_WARN_UNINITIALIZED_AUTOS = YES_AGGRESSIVE;
				GCC_WARN_UNUSED_FUNCTION = YES;
				GCC_WARN_UNUSED_VARIABLE = YES;
				MACOSX_DEPLOYMENT_TARGET = 10.13;
				MTL_ENABLE_DEBUG_INFO = NO;
				SDKROOT = macosx;
				SWIFT_COMPILATION_MODE = wholemodule;
				SWIFT_OPTIMIZATION_LEVEL = "-O";
			};
			name = Release;
		};
		9A905D0F20D58753008BF422 /* Debug */ = {
			isa = XCBuildConfiguration;
			buildSettings = {
				CODE_SIGN_STYLE = Automatic;
				DEVELOPMENT_TEAM = WFV3URF3ZF;
				PRODUCT_NAME = "$(TARGET_NAME)";
				SWIFT_VERSION = 4.0;
			};
			name = Debug;
		};
		9A905D1020D58753008BF422 /* Release */ = {
			isa = XCBuildConfiguration;
			buildSettings = {
				CODE_SIGN_STYLE = Automatic;
				DEVELOPMENT_TEAM = WFV3URF3ZF;
				PRODUCT_NAME = "$(TARGET_NAME)";
				SWIFT_VERSION = 4.0;
			};
			name = Release;
		};
/* End XCBuildConfiguration section */

/* Begin XCConfigurationList section */
		9A905D0220D58752008BF422 /* Build configuration list for PBXProject "ClashHeroesXcode" */ = {
			isa = XCConfigurationList;
			buildConfigurations = (
				9A905D0C20D58752008BF422 /* Debug */,
				9A905D0D20D58752008BF422 /* Release */,
			);
			defaultConfigurationIsVisible = 0;
			defaultConfigurationName = Release;
		};
		9A905D0E20D58753008BF422 /* Build configuration list for PBXNativeTarget "ClashHeroesXcode" */ = {
			isa = XCConfigurationList;
			buildConfigurations = (
				9A905D0F20D58753008BF422 /* Debug */,
				9A905D1020D58753008BF422 /* Release */,
			);
			defaultConfigurationIsVisible = 0;
			defaultConfigurationName = Release;
		};
/* End XCConfigurationList section */
	};
	rootObject = 9A905CFF20D58752008BF422 /* Project object */;
}
